
Microsoft Visual Studio Solution File, Format Version 12.00
# Visual Studio Version 17
VisualStudioVersion = 17.9.34728.123
MinimumVisualStudioVersion = 10.0.40219.1
Project("{9A19103F-16F7-4668-BE54-9A1E7A4F7556}") = "CustomerCareService", "CustomerCareService\CustomerCareService.csproj", "{24CF3A2E-5B87-46C5-8498-27E849871C6C}"
EndProject
Project("{FAE04EC0-301F-11D3-BF4B-00C04F79EFBC}") = "Data", "Data\Data.csproj", "{C02F240D-20E0-4576-8BF8-5FC9C0AA1150}"
EndProject
Project("{FAE04EC0-301F-11D3-BF4B-00C04F79EFBC}") = "Shared", "Shared\Shared.csproj", "{87BB9768-2A77-4C3E-AEE4-0E7EC7194AE7}"
EndProject
Global
	GlobalSection(SolutionConfigurationPlatforms) = preSolution
		Debug|Any CPU = Debug|Any CPU
		Release|Any CPU = Release|Any CPU
	EndGlobalSection
	GlobalSection(ProjectConfigurationPlatforms) = postSolution
		{24CF3A2E-5B87-46C5-8498-27E849871C6C}.Debug|Any CPU.ActiveCfg = Debug|Any CPU
		{24CF3A2E-5B87-46C5-8498-27E849871C6C}.Debug|Any CPU.Build.0 = Debug|Any CPU
		{24CF3A2E-5B87-46C5-8498-27E849871C6C}.Release|Any CPU.ActiveCfg = Release|Any CPU
		{24CF3A2E-5B87-46C5-8498-27E849871C6C}.Release|Any CPU.Build.0 = Release|Any CPU
		{C02F240D-20E0-4576-8BF8-5FC9C0AA1150}.Debug|Any CPU.ActiveCfg = Debug|Any CPU
		{C02F240D-20E0-4576-8BF8-5FC9C0AA1150}.Debug|Any CPU.Build.0 = Debug|Any CPU
		{C02F240D-20E0-4576-8BF8-5FC9C0AA1150}.Release|Any CPU.ActiveCfg = Release|Any CPU
		{C02F240D-20E0-4576-8BF8-5FC9C0AA1150}.Release|Any CPU.Build.0 = Release|Any CPU
		{87BB9768-2A77-4C3E-AEE4-0E7EC7194AE7}.Debug|Any CPU.ActiveCfg = Debug|Any CPU
		{87BB9768-2A77-4C3E-AEE4-0E7EC7194AE7}.Debug|Any CPU.Build.0 = Debug|Any CPU
		{87BB9768-2A77-4C3E-AEE4-0E7EC7194AE7}.Release|Any CPU.ActiveCfg = Release|Any CPU
		{87BB9768-2A77-4C3E-AEE4-0E7EC7194AE7}.Release|Any CPU.Build.0 = Release|Any CPU
	EndGlobalSection
	GlobalSection(SolutionProperties) = preSolution
		HideSolutionNode = FALSE
	EndGlobalSection
	GlobalSection(ExtensibilityGlobals) = postSolution
		SolutionGuid = {706FFF78-0D0F-4753-958A-7DFFA097A238}
	EndGlobalSection
EndGlobal
